PODS:
  - BlocksKit (2.2.5):
    - BlocksKit/All (= 2.2.5)
  - BlocksKit/All (2.2.5):
    - BlocksKit/Core
    - BlocksKit/DynamicDelegate
    - BlocksKit/MessageUI
    - BlocksKit/UIKit
  - BlocksKit/Core (2.2.5)
  - BlocksKit/DynamicDelegate (2.2.5)
  - BlocksKit/MessageUI (2.2.5):
    - BlocksKit/Core
    - BlocksKit/DynamicDelegate
  - BlocksKit/UIKit (2.2.5):
    - BlocksKit/Core
    - BlocksKit/DynamicDelegate
  - Classy (0.2.4)
  - CocoaLumberjack (2.0.0-rc2):
    - CocoaLumberjack/Default (= 2.0.0-rc2)
    - CocoaLumberjack/Extensions (= 2.0.0-rc2)
  - CocoaLumberjack/Core (2.0.0-rc2)
  - CocoaLumberjack/Default (2.0.0-rc2):
    - CocoaLumberjack/Core
  - CocoaLumberjack/Extensions (2.0.0-rc2):
    - CocoaLumberjack/Default
  - libextobjc (0.4.1):
    - libextobjc/EXTADT (= 0.4.1)
    - libextobjc/EXTConcreteProtocol (= 0.4.1)
    - libextobjc/EXTKeyPathCoding (= 0.4.1)
    - libextobjc/EXTNil (= 0.4.1)
    - libextobjc/EXTSafeCategory (= 0.4.1)
    - libextobjc/EXTScope (= 0.4.1)
    - libextobjc/EXTSelectorChecking (= 0.4.1)
    - libextobjc/EXTSynthesize (= 0.4.1)
    - libextobjc/NSInvocation+EXT (= 0.4.1)
    - libextobjc/NSMethodSignature+EXT (= 0.4.1)
    - libextobjc/RuntimeExtensions (= 0.4.1)
    - libextobjc/UmbrellaHeader (= 0.4.1)
  - libextobjc/EXTADT (0.4.1):
    - libextobjc/RuntimeExtensions
  - libextobjc/EXTConcreteProtocol (0.4.1):
    - libextobjc/RuntimeExtensions
  - libextobjc/EXTKeyPathCoding (0.4.1):
    - libextobjc/RuntimeExtensions
  - libextobjc/EXTNil (0.4.1):
    - libextobjc/RuntimeExtensions
  - libextobjc/EXTSafeCategory (0.4.1):
    - libextobjc/RuntimeExtensions
  - libextobjc/EXTScope (0.4.1):
    - libextobjc/RuntimeExtensions
  - libextobjc/EXTSelectorChecking (0.4.1):
    - libextobjc/RuntimeExtensions
  - libextobjc/EXTSynthesize (0.4.1):
    - libextobjc/RuntimeExtensions
  - libextobjc/NSInvocation+EXT (0.4.1):
    - libextobjc/RuntimeExtensions
  - libextobjc/NSMethodSignature+EXT (0.4.1):
    - libextobjc/RuntimeExtensions
  - libextobjc/RuntimeExtensions (0.4.1)
  - libextobjc/UmbrellaHeader (0.4.1)
  - libpd (0.7.0)
  - Masonry (0.6.1)
  - PGMidi (0.0.5)
  - ReactiveCocoa (2.4.7):
    - ReactiveCocoa/UI (= 2.4.7)
  - ReactiveCocoa/Core (2.4.7):
    - ReactiveCocoa/no-arc
  - ReactiveCocoa/no-arc (2.4.7)
  - ReactiveCocoa/UI (2.4.7):
    - ReactiveCocoa/Core
  - ReactiveViewModel (0.3):
    - ReactiveCocoa (~> 2.4)
  - UIImage+Additions (1.2.0)

DEPENDENCIES:
  - BlocksKit (~> 2.2)
  - Classy (~> 0.2)
  - CocoaLumberjack (~> 2.0.0-rc)
  - libextobjc (~> 0.3)
  - libpd (~> 0.7.0)
  - Masonry (~> 0.4)
  - PGMidi (from `https://github.com/petegoodliffe/PGMidi.git`)
  - ReactiveCocoa (~> 2.3)
  - ReactiveViewModel (~> 0.2)
  - UIImage+Additions (~> 1.0)

EXTERNAL SOURCES:
  PGMidi:
    :git: https://github.com/petegoodliffe/PGMidi.git

CHECKOUT OPTIONS:
  PGMidi:
    :commit: 72cefa4ac7633b76658dcfb71b1a05a754becbf2
    :git: https://github.com/petegoodliffe/PGMidi.git

SPEC CHECKSUMS:
  BlocksKit: 4439e7f30a9f90743462ca63545a15c1f4304cef
  Classy: 8c8f835d51e20d25e9cce0d864fba5bf1cef6070
  CocoaLumberjack: 6027cd9a0665203a7df456c526e137f02cd547e1
  libextobjc: d6146fce3ebea986b7f75fcb4c967639200b88b0
  libpd: f9e63d090e284438826f9b2fdc0810dbb9889e6f
  Masonry: 2cb49fd14d203d2db5ca6bb017135b235dde9980
  PGMidi: 1ec556ba394940bd0f9d847b14f68b4af0f12f56
  ReactiveCocoa: 313fc53cc9aeb2bbbc3f5f13c7eac16478d9af8f
  ReactiveViewModel: 512224f801ea0a603fd394eed0f38bc662b64b9a
  UIImage+Additions: c9088e24e095113a81b4ab31271d5b656850317c

COCOAPODS: 0.36.0.rc.1
