PODS:
  - BlocksKit (2.2.5):
    - BlocksKit/All (= 2.2.5)
  - BlocksKit/All (2.2.5):
    - BlocksKit/Core
    - BlocksKit/DynamicDelegate
    - BlocksKit/MessageUI
    - BlocksKit/UIKit
  - BlocksKit/Core (2.2.5)
  - BlocksKit/DynamicDelegate (2.2.5)
  - BlocksKit/MessageUI (2.2.5):
    - BlocksKit/Core
    - BlocksKit/DynamicDelegate
  - BlocksKit/UIKit (2.2.5):
    - BlocksKit/Core
    - BlocksKit/DynamicDelegate
  - Classy (0.2.4)
  - CocoaLumberjack (2.0.0-rc2):
    - CocoaLumberjack/Default (= 2.0.0-rc2)
    - CocoaLumberjack/Extensions (= 2.0.0-rc2)
  - CocoaLumberjack/Core (2.0.0-rc2)
  - CocoaLumberjack/Default (2.0.0-rc2):
    - CocoaLumberjack/Core
  - CocoaLumberjack/Extensions (2.0.0-rc2):
    - CocoaLumberjack/Default
  - libextobjc (0.4.1):
    - libextobjc/EXTADT (= 0.4.1)
    - libextobjc/EXTConcreteProtocol (= 0.4.1)
    - libextobjc/EXTKeyPathCoding (= 0.4.1)
    - libextobjc/EXTNil (= 0.4.1)
    - libextobjc/EXTSafeCategory (= 0.4.1)
    - libextobjc/EXTScope (= 0.4.1)
    - libextobjc/EXTSelectorChecking (= 0.4.1)
    - libextobjc/EXTSynthesize (= 0.4.1)
    - "libextobjc/NSInvocation+EXT (= 0.4.1)"
    - "libextobjc/NSMethodSignature+EXT (= 0.4.1)"
    - libextobjc/RuntimeExtensions (= 0.4.1)
    - libextobjc/UmbrellaHeader (= 0.4.1)
  - libextobjc/EXTADT (0.4.1):
    - libextobjc/RuntimeExtensions
  - libextobjc/EXTConcreteProtocol (0.4.1):
    - libextobjc/RuntimeExtensions
  - libextobjc/EXTKeyPathCoding (0.4.1):
    - libextobjc/RuntimeExtensions
  - libextobjc/EXTNil (0.4.1):
    - libextobjc/RuntimeExtensions
  - libextobjc/EXTSafeCategory (0.4.1):
    - libextobjc/RuntimeExtensions
  - libextobjc/EXTScope (0.4.1):
    - libextobjc/RuntimeExtensions
  - libextobjc/EXTSelectorChecking (0.4.1):
    - libextobjc/RuntimeExtensions
  - libextobjc/EXTSynthesize (0.4.1):
    - libextobjc/RuntimeExtensions
  - "libextobjc/NSInvocation+EXT (0.4.1)":
    - libextobjc/RuntimeExtensions
  - "libextobjc/NSMethodSignature+EXT (0.4.1)":
    - libextobjc/RuntimeExtensions
  - libextobjc/RuntimeExtensions (0.4.1)
  - libextobjc/UmbrellaHeader (0.4.1)
  - libpd (0.12.3)
  - Masonry (0.6.1)
  - PGMidi (0.0.5)
  - ReactiveCocoa (2.4.7):
    - ReactiveCocoa/UI (= 2.4.7)
  - ReactiveCocoa/Core (2.4.7):
    - ReactiveCocoa/no-arc
  - ReactiveCocoa/no-arc (2.4.7)
  - ReactiveCocoa/UI (2.4.7):
    - ReactiveCocoa/Core
  - ReactiveViewModel (0.3):
    - ReactiveCocoa (~> 2.4)
  - "UIImage+Additions (1.2.0)"

DEPENDENCIES:
  - BlocksKit (~> 2.2)
  - Classy (~> 0.2)
  - CocoaLumberjack (~> 2.0.0-rc)
  - libextobjc (~> 0.3)
  - libpd (from `https://github.com/libpd/libpd`)
  - Masonry (~> 0.4)
  - PGMidi (from `https://github.com/petegoodliffe/PGMidi.git`)
  - ReactiveCocoa (~> 2.3)
  - ReactiveViewModel (~> 0.2)
  - "UIImage+Additions (~> 1.0)"

SPEC REPOS:
  trunk:
    - BlocksKit
    - Classy
    - CocoaLumberjack
    - libextobjc
    - Masonry
    - ReactiveCocoa
    - ReactiveViewModel
    - "UIImage+Additions"

EXTERNAL SOURCES:
  libpd:
    :git: https://github.com/libpd/libpd
    :submodules: true
  PGMidi:
    :git: https://github.com/petegoodliffe/PGMidi.git

CHECKOUT OPTIONS:
  libpd:
    :commit: 85332931d6b9f8fc9c56dcdfb6eedb5693935c7b
    :git: https://github.com/libpd/libpd
    :submodules: true
  PGMidi:
    :commit: 72cefa4ac7633b76658dcfb71b1a05a754becbf2
    :git: https://github.com/petegoodliffe/PGMidi.git

SPEC CHECKSUMS:
  BlocksKit: 7f422b971407001178d181a43b99014ea2591fe6
  Classy: cebd1cf7f987ef58a124ed3a988a68186f10b547
  CocoaLumberjack: dd725ca9088af37f16f957f6d88fbed69d54381c
  libextobjc: a650fc1bf489a3d3a9bc2e621efa3e1006fc5471
  libpd: 445932ee831e25fbb6bf1090fd613b2c3ba9bdd3
  Masonry: 4972309f2f134de9dd312f4dc4a21359b50e6caa
  PGMidi: ea9306f8e4a5ba90bdb5b5abeb64d6ac557b6654
  ReactiveCocoa: eb38dee0a0e698f73a9b25e5c1faea2bb4c79240
  ReactiveViewModel: 58918dcbcec2d3151195ab1ed9163c57a8163999
  "UIImage+Additions": b93c3c23f87d22fca30c2de4a695eab9c029cf76

PODFILE CHECKSUM: afea529df265e89c63480ec30d6ad0d25b3bd3ff

COCOAPODS: 1.10.1
